Microsoft Visual Studio Solution File, Format Version 12.00
# Visual Studio Version 17
VisualStudioVersion = 17.5.002.0
MinimumVisualStudioVersion = 10.0.40219.1
Project("{9A19103F-16F7-4668-BE54-9A1E7A4F7556}") = "basic", "basic\basic.csproj", "{08F7762B-27EE-4340-920D-E258DC5C8C18}"
EndProject
Project("{9A19103F-16F7-4668-BE54-9A1E7A4F7556}") = "calculator", "calculator\calculator.csproj", "{0426CCD4-A8B7-4E2A-9EA6-4BB2889378F4}"
EndProject
Project("{FAE04EC0-301F-11D3-BF4B-00C04F79EFBC}") = "stopwatch", "stopwatch\stopwatch.csproj", "{7E9CC519-10AA-4000-94F0-D4A4E8F9F706}"
EndProject
Project("{FAE04EC0-301F-11D3-BF4B-00C04F79EFBC}") = "textEditor", "textEditor\textEditor.csproj", "{5366AB01-772D-40ED-9180-C1C856AF03C4}"
EndProject
Project("{FAE04EC0-301F-11D3-BF4B-00C04F79EFBC}") = "strings", "strings\strings.csproj", "{2F033691-585E-4F97-887F-6BD1278CC184}"
EndProject
Project("{FAE04EC0-301F-11D3-BF4B-00C04F79EFBC}") = "editorHtml", "editorHtml\editorHtml.csproj", "{15E6779E-05AE-44CD-8E0A-46D6AEC4FE8D}"
EndProject
Project("{FAE04EC0-301F-11D3-BF4B-00C04F79EFBC}") = "dates", "dates\dates.csproj", "{2BA4486B-A490-48B7-9785-50CE84A72613}"
EndProject
Project("{FAE04EC0-301F-11D3-BF4B-00C04F79EFBC}") = "currency", "currency\currency.csproj", "{CF08B720-A849-4868-ADD5-B7D809EFF36C}"
EndProject
Project("{FAE04EC0-301F-11D3-BF4B-00C04F79EFBC}") = "arrays", "arrays\arrays.csproj", "{297912C7-79F4-47C9-A44D-7C565DA10A80}"
EndProject
Project("{FAE04EC0-301F-11D3-BF4B-00C04F79EFBC}") = "exceptions", "exceptions\exceptions.csproj", "{A72140C2-ECD1-4FA0-B576-71042676559A}"
EndProject
Project("{FAE04EC0-301F-11D3-BF4B-00C04F79EFBC}") = "oop", "oop\oop.csproj", "{12D244AE-484C-4410-AA24-642976C48DE7}"
EndProject
Project("{FAE04EC0-301F-11D3-BF4B-00C04F79EFBC}") = "oopEvents", "oopEvents\oopEvents.csproj", "{A210CD42-6FC0-4FED-89F4-D6A5C390A60E}"
EndProject
Project("{FAE04EC0-301F-11D3-BF4B-00C04F79EFBC}") = "generics", "generics\generics.csproj", "{EDA8FA68-193D-4E39-B4D4-169D2AF0B9A4}"
EndProject
Project("{FAE04EC0-301F-11D3-BF4B-00C04F79EFBC}") = "lists", "lists\lists.csproj", "{E9EDFA2E-AAC7-4C5C-8E08-06B9C4ED0AA3}"
EndProject
Project("{FAE04EC0-301F-11D3-BF4B-00C04F79EFBC}") = "balta", "balta\balta.csproj", "{1BDE107C-9C4D-4BE0-9193-DEC89DA9B7D3}"
EndProject
Project("{FAE04EC0-301F-11D3-BF4B-00C04F79EFBC}") = "baltaDataAccess", "baltaDataAccess\baltaDataAccess.csproj", "{146D0225-C58D-4041-82C8-1A5BC5ED546E}"
EndProject
Project("{FAE04EC0-301F-11D3-BF4B-00C04F79EFBC}") = "EntityFramework", "EntityFramework\EntityFramework.csproj", "{787A0A64-4A00-4647-BC03-315315A5A2C5}"
EndProject
Project("{FAE04EC0-301F-11D3-BF4B-00C04F79EFBC}") = "MyApp", "Myapp\MyApp.csproj", "{04718EE2-8858-4D9D-BF46-D136F48147B6}"
EndProject
Project("{FAE04EC0-301F-11D3-BF4B-00C04F79EFBC}") = "Todo", "Todo\Todo.csproj", "{FD4C3D60-D242-4161-82CF-A3F34207B3BA}"
EndProject
Project("{FAE04EC0-301F-11D3-BF4B-00C04F79EFBC}") = "Blog_v2", "Blog_v2\Blog_v2.csproj", "{A11FEBEA-C79A-4E78-ACCC-78D3E26E5245}"
EndProject
Global
	GlobalSection(SolutionConfigurationPlatforms) = preSolution
		Debug|Any CPU = Debug|Any CPU
		Release|Any CPU = Release|Any CPU
	EndGlobalSection
	GlobalSection(ProjectConfigurationPlatforms) = postSolution
		{08F7762B-27EE-4340-920D-E258DC5C8C18}.Debug|Any CPU.ActiveCfg = Debug|Any CPU
		{08F7762B-27EE-4340-920D-E258DC5C8C18}.Debug|Any CPU.Build.0 = Debug|Any CPU
		{08F7762B-27EE-4340-920D-E258DC5C8C18}.Release|Any CPU.ActiveCfg = Release|Any CPU
		{08F7762B-27EE-4340-920D-E258DC5C8C18}.Release|Any CPU.Build.0 = Release|Any CPU
		{0426CCD4-A8B7-4E2A-9EA6-4BB2889378F4}.Debug|Any CPU.ActiveCfg = Debug|Any CPU
		{0426CCD4-A8B7-4E2A-9EA6-4BB2889378F4}.Debug|Any CPU.Build.0 = Debug|Any CPU
		{0426CCD4-A8B7-4E2A-9EA6-4BB2889378F4}.Release|Any CPU.ActiveCfg = Release|Any CPU
		{0426CCD4-A8B7-4E2A-9EA6-4BB2889378F4}.Release|Any CPU.Build.0 = Release|Any CPU
		{7E9CC519-10AA-4000-94F0-D4A4E8F9F706}.Debug|Any CPU.ActiveCfg = Debug|Any CPU
		{7E9CC519-10AA-4000-94F0-D4A4E8F9F706}.Debug|Any CPU.Build.0 = Debug|Any CPU
		{7E9CC519-10AA-4000-94F0-D4A4E8F9F706}.Release|Any CPU.ActiveCfg = Release|Any CPU
		{7E9CC519-10AA-4000-94F0-D4A4E8F9F706}.Release|Any CPU.Build.0 = Release|Any CPU
		{5366AB01-772D-40ED-9180-C1C856AF03C4}.Debug|Any CPU.ActiveCfg = Debug|Any CPU
		{5366AB01-772D-40ED-9180-C1C856AF03C4}.Debug|Any CPU.Build.0 = Debug|Any CPU
		{5366AB01-772D-40ED-9180-C1C856AF03C4}.Release|Any CPU.ActiveCfg = Release|Any CPU
		{5366AB01-772D-40ED-9180-C1C856AF03C4}.Release|Any CPU.Build.0 = Release|Any CPU
		{2F033691-585E-4F97-887F-6BD1278CC184}.Debug|Any CPU.ActiveCfg = Debug|Any CPU
		{2F033691-585E-4F97-887F-6BD1278CC184}.Debug|Any CPU.Build.0 = Debug|Any CPU
		{2F033691-585E-4F97-887F-6BD1278CC184}.Release|Any CPU.ActiveCfg = Release|Any CPU
		{2F033691-585E-4F97-887F-6BD1278CC184}.Release|Any CPU.Build.0 = Release|Any CPU
		{15E6779E-05AE-44CD-8E0A-46D6AEC4FE8D}.Debug|Any CPU.ActiveCfg = Debug|Any CPU
		{15E6779E-05AE-44CD-8E0A-46D6AEC4FE8D}.Debug|Any CPU.Build.0 = Debug|Any CPU
		{15E6779E-05AE-44CD-8E0A-46D6AEC4FE8D}.Release|Any CPU.ActiveCfg = Release|Any CPU
		{15E6779E-05AE-44CD-8E0A-46D6AEC4FE8D}.Release|Any CPU.Build.0 = Release|Any CPU
		{2BA4486B-A490-48B7-9785-50CE84A72613}.Debug|Any CPU.ActiveCfg = Debug|Any CPU
		{2BA4486B-A490-48B7-9785-50CE84A72613}.Debug|Any CPU.Build.0 = Debug|Any CPU
		{2BA4486B-A490-48B7-9785-50CE84A72613}.Release|Any CPU.ActiveCfg = Release|Any CPU
		{2BA4486B-A490-48B7-9785-50CE84A72613}.Release|Any CPU.Build.0 = Release|Any CPU
		{CF08B720-A849-4868-ADD5-B7D809EFF36C}.Debug|Any CPU.ActiveCfg = Debug|Any CPU
		{CF08B720-A849-4868-ADD5-B7D809EFF36C}.Debug|Any CPU.Build.0 = Debug|Any CPU
		{CF08B720-A849-4868-ADD5-B7D809EFF36C}.Release|Any CPU.ActiveCfg = Release|Any CPU
		{CF08B720-A849-4868-ADD5-B7D809EFF36C}.Release|Any CPU.Build.0 = Release|Any CPU
		{297912C7-79F4-47C9-A44D-7C565DA10A80}.Debug|Any CPU.ActiveCfg = Debug|Any CPU
		{297912C7-79F4-47C9-A44D-7C565DA10A80}.Debug|Any CPU.Build.0 = Debug|Any CPU
		{297912C7-79F4-47C9-A44D-7C565DA10A80}.Release|Any CPU.ActiveCfg = Release|Any CPU
		{297912C7-79F4-47C9-A44D-7C565DA10A80}.Release|Any CPU.Build.0 = Release|Any CPU
		{A72140C2-ECD1-4FA0-B576-71042676559A}.Debug|Any CPU.ActiveCfg = Debug|Any CPU
		{A72140C2-ECD1-4FA0-B576-71042676559A}.Debug|Any CPU.Build.0 = Debug|Any CPU
		{A72140C2-ECD1-4FA0-B576-71042676559A}.Release|Any CPU.ActiveCfg = Release|Any CPU
		{A72140C2-ECD1-4FA0-B576-71042676559A}.Release|Any CPU.Build.0 = Release|Any CPU
		{12D244AE-484C-4410-AA24-642976C48DE7}.Debug|Any CPU.ActiveCfg = Debug|Any CPU
		{12D244AE-484C-4410-AA24-642976C48DE7}.Debug|Any CPU.Build.0 = Debug|Any CPU
		{12D244AE-484C-4410-AA24-642976C48DE7}.Release|Any CPU.ActiveCfg = Release|Any CPU
		{12D244AE-484C-4410-AA24-642976C48DE7}.Release|Any CPU.Build.0 = Release|Any CPU
		{A210CD42-6FC0-4FED-89F4-D6A5C390A60E}.Debug|Any CPU.ActiveCfg = Debug|Any CPU
		{A210CD42-6FC0-4FED-89F4-D6A5C390A60E}.Debug|Any CPU.Build.0 = Debug|Any CPU
		{A210CD42-6FC0-4FED-89F4-D6A5C390A60E}.Release|Any CPU.ActiveCfg = Release|Any CPU
		{A210CD42-6FC0-4FED-89F4-D6A5C390A60E}.Release|Any CPU.Build.0 = Release|Any CPU
		{EDA8FA68-193D-4E39-B4D4-169D2AF0B9A4}.Debug|Any CPU.ActiveCfg = Debug|Any CPU
		{EDA8FA68-193D-4E39-B4D4-169D2AF0B9A4}.Debug|Any CPU.Build.0 = Debug|Any CPU
		{EDA8FA68-193D-4E39-B4D4-169D2AF0B9A4}.Release|Any CPU.ActiveCfg = Release|Any CPU
		{EDA8FA68-193D-4E39-B4D4-169D2AF0B9A4}.Release|Any CPU.Build.0 = Release|Any CPU
		{E9EDFA2E-AAC7-4C5C-8E08-06B9C4ED0AA3}.Debug|Any CPU.ActiveCfg = Debug|Any CPU
		{E9EDFA2E-AAC7-4C5C-8E08-06B9C4ED0AA3}.Debug|Any CPU.Build.0 = Debug|Any CPU
		{E9EDFA2E-AAC7-4C5C-8E08-06B9C4ED0AA3}.Release|Any CPU.ActiveCfg = Release|Any CPU
		{E9EDFA2E-AAC7-4C5C-8E08-06B9C4ED0AA3}.Release|Any CPU.Build.0 = Release|Any CPU
		{1BDE107C-9C4D-4BE0-9193-DEC89DA9B7D3}.Debug|Any CPU.ActiveCfg = Debug|Any CPU
		{1BDE107C-9C4D-4BE0-9193-DEC89DA9B7D3}.Debug|Any CPU.Build.0 = Debug|Any CPU
		{1BDE107C-9C4D-4BE0-9193-DEC89DA9B7D3}.Release|Any CPU.ActiveCfg = Release|Any CPU
		{1BDE107C-9C4D-4BE0-9193-DEC89DA9B7D3}.Release|Any CPU.Build.0 = Release|Any CPU
		{146D0225-C58D-4041-82C8-1A5BC5ED546E}.Debug|Any CPU.ActiveCfg = Debug|Any CPU
		{146D0225-C58D-4041-82C8-1A5BC5ED546E}.Debug|Any CPU.Build.0 = Debug|Any CPU
		{146D0225-C58D-4041-82C8-1A5BC5ED546E}.Release|Any CPU.ActiveCfg = Release|Any CPU
		{146D0225-C58D-4041-82C8-1A5BC5ED546E}.Release|Any CPU.Build.0 = Release|Any CPU
		{95E671B8-E7D5-4A33-9FC2-6961D12E2A93}.Debug|Any CPU.ActiveCfg = Debug|Any CPU
		{95E671B8-E7D5-4A33-9FC2-6961D12E2A93}.Debug|Any CPU.Build.0 = Debug|Any CPU
		{95E671B8-E7D5-4A33-9FC2-6961D12E2A93}.Release|Any CPU.ActiveCfg = Release|Any CPU
		{95E671B8-E7D5-4A33-9FC2-6961D12E2A93}.Release|Any CPU.Build.0 = Release|Any CPU
		{787A0A64-4A00-4647-BC03-315315A5A2C5}.Debug|Any CPU.ActiveCfg = Debug|Any CPU
		{787A0A64-4A00-4647-BC03-315315A5A2C5}.Debug|Any CPU.Build.0 = Debug|Any CPU
		{787A0A64-4A00-4647-BC03-315315A5A2C5}.Release|Any CPU.ActiveCfg = Release|Any CPU
		{787A0A64-4A00-4647-BC03-315315A5A2C5}.Release|Any CPU.Build.0 = Release|Any CPU
		{04718EE2-8858-4D9D-BF46-D136F48147B6}.Debug|Any CPU.ActiveCfg = Debug|Any CPU
		{04718EE2-8858-4D9D-BF46-D136F48147B6}.Debug|Any CPU.Build.0 = Debug|Any CPU
		{04718EE2-8858-4D9D-BF46-D136F48147B6}.Release|Any CPU.ActiveCfg = Release|Any CPU
		{04718EE2-8858-4D9D-BF46-D136F48147B6}.Release|Any CPU.Build.0 = Release|Any CPU
		{FD4C3D60-D242-4161-82CF-A3F34207B3BA}.Debug|Any CPU.ActiveCfg = Debug|Any CPU
		{FD4C3D60-D242-4161-82CF-A3F34207B3BA}.Debug|Any CPU.Build.0 = Debug|Any CPU
		{FD4C3D60-D242-4161-82CF-A3F34207B3BA}.Release|Any CPU.ActiveCfg = Release|Any CPU
		{FD4C3D60-D242-4161-82CF-A3F34207B3BA}.Release|Any CPU.Build.0 = Release|Any CPU
		{A11FEBEA-C79A-4E78-ACCC-78D3E26E5245}.Debug|Any CPU.ActiveCfg = Debug|Any CPU
		{A11FEBEA-C79A-4E78-ACCC-78D3E26E5245}.Debug|Any CPU.Build.0 = Debug|Any CPU
		{A11FEBEA-C79A-4E78-ACCC-78D3E26E5245}.Release|Any CPU.ActiveCfg = Release|Any CPU
		{A11FEBEA-C79A-4E78-ACCC-78D3E26E5245}.Release|Any CPU.Build.0 = Release|Any CPU
	EndGlobalSection
	GlobalSection(SolutionProperties) = preSolution
		HideSolutionNode = FALSE
	EndGlobalSection
	GlobalSection(ExtensibilityGlobals) = postSolution
		SolutionGuid = {7B710834-9D35-47DC-A4EE-C6F1A0BEE10E}
	EndGlobalSection
EndGlobal
